// !$*UTF8*$!
{
	archiveVersion = 1;
	classes = {
	};
	objectVersion = 46;
	objects = {

/* Begin PBXBuildFile section */
		D52E538C1C2C36B400E0A7CD /* SettingsDetailController.m in Sources */ = {isa = PBXBuildFile; fileRef = D52E538B1C2C36B400E0A7CD /* SettingsDetailController.m */; };
		D52E538F1C2C4CE200E0A7CD /* GridView.m in Sources */ = {isa = PBXBuildFile; fileRef = D52E538E1C2C4CE200E0A7CD /* GridView.m */; };
		D52E53921C2C4FF700E0A7CD /* GameManager.m in Sources */ = {isa = PBXBuildFile; fileRef = D52E53911C2C4FF700E0A7CD /* GameManager.m */; };
		D52E53941C2CBD9C00E0A7CD /* SpriteKit.framework in Frameworks */ = {isa = PBXBuildFile; fileRef = D52E53931C2CBD9C00E0A7CD /* SpriteKit.framework */; };
		D56ABD3A1C29A5DA0032A1F3 /* main.m in Sources */ = {isa = PBXBuildFile; fileRef = D56ABD391C29A5DA0032A1F3 /* main.m */; };
		D56ABD431C29A5DA0032A1F3 /* Main.storyboard in Resources */ = {isa = PBXBuildFile; fileRef = D56ABD411C29A5DA0032A1F3 /* Main.storyboard */; };
		D56ABD481C29A5DA0032A1F3 /* LaunchScreen.xib in Resources */ = {isa = PBXBuildFile; fileRef = D56ABD461C29A5DA0032A1F3 /* LaunchScreen.xib */; };
		D56ABD541C29A5DA0032A1F3 /* _048Tests.m in Sources */ = {isa = PBXBuildFile; fileRef = D56ABD531C29A5DA0032A1F3 /* _048Tests.m */; };
		D56ABD5E1C29A8050032A1F3 /* Images.xcassets in Resources */ = {isa = PBXBuildFile; fileRef = D56ABD5D1C29A8050032A1F3 /* Images.xcassets */; };
		D56ABD691C29AE2C0032A1F3 /* AppDelegate.m in Sources */ = {isa = PBXBuildFile; fileRef = D56ABD681C29AE2C0032A1F3 /* AppDelegate.m */; };
		D56ABD6C1C29AE6D0032A1F3 /* GlobalState.m in Sources */ = {isa = PBXBuildFile; fileRef = D56ABD6B1C29AE6D0032A1F3 /* GlobalState.m */; };
		D56ABD701C29B0630032A1F3 /* Theme.m in Sources */ = {isa = PBXBuildFile; fileRef = D56ABD6F1C29B0630032A1F3 /* Theme.m */; };
		D56ABD731C29B3740032A1F3 /* ViewController.m in Sources */ = {isa = PBXBuildFile; fileRef = D56ABD721C29B3740032A1F3 /* ViewController.m */; };
		D56ABD761C29B7230032A1F3 /* DefaultTheme.m in Sources */ = {isa = PBXBuildFile; fileRef = D56ABD751C29B7230032A1F3 /* DefaultTheme.m */; };
		D56ABD7A1C29B84A0032A1F3 /* LightTheme.m in Sources */ = {isa = PBXBuildFile; fileRef = D56ABD791C29B84A0032A1F3 /* LightTheme.m */; };
		D56ABD7D1C29B8AB0032A1F3 /* WarmTheme.m in Sources */ = {isa = PBXBuildFile; fileRef = D56ABD7C1C29B8AB0032A1F3 /* WarmTheme.m */; };
		D56ABD801C2A1EF40032A1F3 /* ScoreView.m in Sources */ = {isa = PBXBuildFile; fileRef = D56ABD7F1C2A1EF40032A1F3 /* ScoreView.m */; };
		D56ABD831C2A20140032A1F3 /* Overlay.m in Sources */ = {isa = PBXBuildFile; fileRef = D56ABD821C2A20140032A1F3 /* Overlay.m */; };
		D56ABD861C2A20690032A1F3 /* MyScene.m in Sources */ = {isa = PBXBuildFile; fileRef = D56ABD851C2A20690032A1F3 /* MyScene.m */; };
		D57BC65A1C2B714B00AC992C /* MyCell.m in Sources */ = {isa = PBXBuildFile; fileRef = D57BC6591C2B714B00AC992C /* MyCell.m */; };
		D57BC65D1C2B71AA00AC992C /* MyTile.m in Sources */ = {isa = PBXBuildFile; fileRef = D57BC65C1C2B71AA00AC992C /* MyTile.m */; };
		D57BC6601C2B724400AC992C /* MyGrid.m in Sources */ = {isa = PBXBuildFile; fileRef = D57BC65F1C2B724400AC992C /* MyGrid.m */; };
		D57BC6631C2B74E000AC992C /* SettingsController.m in Sources */ = {isa = PBXBuildFile; fileRef = D57BC6621C2B74E000AC992C /* SettingsController.m */; };
		D5D067E61C2C057100E2CC70 /* AboutController.m in Sources */ = {isa = PBXBuildFile; fileRef = D5D067E51C2C057100E2CC70 /* AboutController.m */; };
/* End PBXBuildFile section */

/* Begin PBXContainerItemProxy section */
		D56ABD4E1C29A5DA0032A1F3 /* PBXContainerItemProxy */ = {
			isa = PBXContainerItemProxy;
			containerPortal = D56ABD2C1C29A5DA0032A1F3 /* Project object */;
			proxyType = 1;
			remoteGlobalIDString = D56ABD331C29A5DA0032A1F3;
			remoteInfo = 2048;
		};
/* End PBXContainerItemProxy section */

/* Begin PBXFileReference section */
		D52E538A1C2C36B400E0A7CD /* SettingsDetailController.h */ = {isa = PBXFileReference; fileEncoding = 4; lastKnownFileType = sourcecode.c.h; path = SettingsDetailController.h; sourceTree = "<group>"; };
		D52E538B1C2C36B400E0A7CD /* SettingsDetailController.m */ = {isa = PBXFileReference; fileEncoding = 4; lastKnownFileType = sourcecode.c.objc; path = SettingsDetailController.m; sourceTree = "<group>"; };
		D52E538D1C2C4CE200E0A7CD /* GridView.h */ = {isa = PBXFileReference; fileEncoding = 4; lastKnownFileType = sourcecode.c.h; path = GridView.h; sourceTree = "<group>"; };
		D52E538E1C2C4CE200E0A7CD /* GridView.m */ = {isa = PBXFileReference; fileEncoding = 4; lastKnownFileType = sourcecode.c.objc; path = GridView.m; sourceTree = "<group>"; };
		D52E53901C2C4FF700E0A7CD /* GameManager.h */ = {isa = PBXFileReference; fileEncoding = 4; lastKnownFileType = sourcecode.c.h; path = GameManager.h; sourceTree = "<group>"; };
		D52E53911C2C4FF700E0A7CD /* GameManager.m */ = {isa = PBXFileReference; fileEncoding = 4; lastKnownFileType = sourcecode.c.objc; path = GameManager.m; sourceTree = "<group>"; };
		D52E53931C2CBD9C00E0A7CD /* SpriteKit.framework */ = {isa = PBXFileReference; lastKnownFileType = wrapper.framework; name = SpriteKit.framework; path = System/Library/Frameworks/SpriteKit.framework; sourceTree = SDKROOT; };
		D56ABD341C29A5DA0032A1F3 /* 2048.app */ = {isa = PBXFileReference; explicitFileType = wrapper.application; includeInIndex = 0; path = 2048.app; sourceTree = BUILT_PRODUCTS_DIR; };
		D56ABD381C29A5DA0032A1F3 /* Info.plist */ = {isa = PBXFileReference; lastKnownFileType = text.plist.xml; path = Info.plist; sourceTree = "<group>"; };
		D56ABD391C29A5DA0032A1F3 /* main.m */ = {isa = PBXFileReference; lastKnownFileType = sourcecode.c.objc; path = main.m; sourceTree = "<group>"; };
		D56ABD421C29A5DA0032A1F3 /* Base */ = {isa = PBXFileReference; lastKnownFileType = file.storyboard; name = Base; path = Base.lproj/Main.storyboard; sourceTree = "<group>"; };
		D56ABD471C29A5DA0032A1F3 /* Base */ = {isa = PBXFileReference; lastKnownFileType = file.xib; name = Base; path = Base.lproj/LaunchScreen.xib; sourceTree = "<group>"; };
		D56ABD4D1C29A5DA0032A1F3 /* 2048Tests.xctest */ = {isa = PBXFileReference; explicitFileType = wrapper.cfbundle; includeInIndex = 0; path = 2048Tests.xctest; sourceTree = BUILT_PRODUCTS_DIR; };
		D56ABD521C29A5DA0032A1F3 /* Info.plist */ = {isa = PBXFileReference; lastKnownFileType = text.plist.xml; path = Info.plist; sourceTree = "<group>"; };
		D56ABD531C29A5DA0032A1F3 /* _048Tests.m */ = {isa = PBXFileReference; lastKnownFileType = sourcecode.c.objc; path = _048Tests.m; sourceTree = "<group>"; };
		D56ABD5D1C29A8050032A1F3 /* Images.xcassets */ = {isa = PBXFileReference; lastKnownFileType = folder.assetcatalog; path = Images.xcassets; sourceTree = "<group>"; };
		D56ABD5F1C29AC710032A1F3 /* 2048-Prefix.pch */ = {isa = PBXFileReference; fileEncoding = 4; lastKnownFileType = sourcecode.c.h; path = "2048-Prefix.pch"; sourceTree = "<group>"; };
		D56ABD671C29AE2C0032A1F3 /* AppDelegate.h */ = {isa = PBXFileReference; fileEncoding = 4; lastKnownFileType = sourcecode.c.h; path = AppDelegate.h; sourceTree = "<group>"; };
		D56ABD681C29AE2C0032A1F3 /* AppDelegate.m */ = {isa = PBXFileReference; fileEncoding = 4; lastKnownFileType = sourcecode.c.objc; path = AppDelegate.m; sourceTree = "<group>"; };
		D56ABD6A1C29AE6D0032A1F3 /* GlobalState.h */ = {isa = PBXFileReference; fileEncoding = 4; lastKnownFileType = sourcecode.c.h; path = GlobalState.h; sourceTree = "<group>"; };
		D56ABD6B1C29AE6D0032A1F3 /* GlobalState.m */ = {isa = PBXFileReference; fileEncoding = 4; lastKnownFileType = sourcecode.c.objc; path = GlobalState.m; sourceTree = "<group>"; };
		D56ABD6D1C29AEA50032A1F3 /* Position.h */ = {isa = PBXFileReference; fileEncoding = 4; lastKnownFileType = sourcecode.c.h; path = Position.h; sourceTree = "<group>"; };
		D56ABD6E1C29B0630032A1F3 /* Theme.h */ = {isa = PBXFileReference; fileEncoding = 4; lastKnownFileType = sourcecode.c.h; path = Theme.h; sourceTree = "<group>"; };
		D56ABD6F1C29B0630032A1F3 /* Theme.m */ = {isa = PBXFileReference; fileEncoding = 4; lastKnownFileType = sourcecode.c.objc; path = Theme.m; sourceTree = "<group>"; };
		D56ABD711C29B3740032A1F3 /* ViewController.h */ = {isa = PBXFileReference; fileEncoding = 4; lastKnownFileType = sourcecode.c.h; path = ViewController.h; sourceTree = "<group>"; };
		D56ABD721C29B3740032A1F3 /* ViewController.m */ = {isa = PBXFileReference; fileEncoding = 4; lastKnownFileType = sourcecode.c.objc; path = ViewController.m; sourceTree = "<group>"; };
		D56ABD741C29B7230032A1F3 /* DefaultTheme.h */ = {isa = PBXFileReference; fileEncoding = 4; lastKnownFileType = sourcecode.c.h; path = DefaultTheme.h; sourceTree = "<group>"; };
		D56ABD751C29B7230032A1F3 /* DefaultTheme.m */ = {isa = PBXFileReference; fileEncoding = 4; lastKnownFileType = sourcecode.c.objc; path = DefaultTheme.m; sourceTree = "<group>"; };
		D56ABD771C29B7600032A1F3 /* Common.h */ = {isa = PBXFileReference; fileEncoding = 4; lastKnownFileType = sourcecode.c.h; path = Common.h; sourceTree = "<group>"; };
		D56ABD781C29B84A0032A1F3 /* LightTheme.h */ = {isa = PBXFileReference; fileEncoding = 4; lastKnownFileType = sourcecode.c.h; path = LightTheme.h; sourceTree = "<group>"; };
		D56ABD791C29B84A0032A1F3 /* LightTheme.m */ = {isa = PBXFileReference; fileEncoding = 4; lastKnownFileType = sourcecode.c.objc; path = LightTheme.m; sourceTree = "<group>"; };
		D56ABD7B1C29B8AB0032A1F3 /* WarmTheme.h */ = {isa = PBXFileReference; fileEncoding = 4; lastKnownFileType = sourcecode.c.h; path = WarmTheme.h; sourceTree = "<group>"; };
		D56ABD7C1C29B8AB0032A1F3 /* WarmTheme.m */ = {isa = PBXFileReference; fileEncoding = 4; lastKnownFileType = sourcecode.c.objc; path = WarmTheme.m; sourceTree = "<group>"; };
		D56ABD7E1C2A1EF40032A1F3 /* ScoreView.h */ = {isa = PBXFileReference; fileEncoding = 4; lastKnownFileType = sourcecode.c.h; path = ScoreView.h; sourceTree = "<group>"; };
		D56ABD7F1C2A1EF40032A1F3 /* ScoreView.m */ = {isa = PBXFileReference; fileEncoding = 4; lastKnownFileType = sourcecode.c.objc; path = ScoreView.m; sourceTree = "<group>"; };
		D56ABD811C2A20140032A1F3 /* Overlay.h */ = {isa = PBXFileReference; fileEncoding = 4; lastKnownFileType = sourcecode.c.h; path = Overlay.h; sourceTree = "<group>"; };
		D56ABD821C2A20140032A1F3 /* Overlay.m */ = {isa = PBXFileReference; fileEncoding = 4; lastKnownFileType = sourcecode.c.objc; path = Overlay.m; sourceTree = "<group>"; };
		D56ABD841C2A20690032A1F3 /* MyScene.h */ = {isa = PBXFileReference; fileEncoding = 4; lastKnownFileType = sourcecode.c.h; path = MyScene.h; sourceTree = "<group>"; };
		D56ABD851C2A20690032A1F3 /* MyScene.m */ = {isa = PBXFileReference; fileEncoding = 4; lastKnownFileType = sourcecode.c.objc; path = MyScene.m; sourceTree = "<group>"; };
		D57BC6581C2B714B00AC992C /* MyCell.h */ = {isa = PBXFileReference; fileEncoding = 4; lastKnownFileType = sourcecode.c.h; path = MyCell.h; sourceTree = "<group>"; };
		D57BC6591C2B714B00AC992C /* MyCell.m */ = {isa = PBXFileReference; fileEncoding = 4; lastKnownFileType = sourcecode.c.objc; path = MyCell.m; sourceTree = "<group>"; };
		D57BC65B1C2B71AA00AC992C /* MyTile.h */ = {isa = PBXFileReference; fileEncoding = 4; lastKnownFileType = sourcecode.c.h; path = MyTile.h; sourceTree = "<group>"; };
		D57BC65C1C2B71AA00AC992C /* MyTile.m */ = {isa = PBXFileReference; fileEncoding = 4; lastKnownFileType = sourcecode.c.objc; path = MyTile.m; sourceTree = "<group>"; };
		D57BC65E1C2B724400AC992C /* MyGrid.h */ = {isa = PBXFileReference; fileEncoding = 4; lastKnownFileType = sourcecode.c.h; path = MyGrid.h; sourceTree = "<group>"; };
		D57BC65F1C2B724400AC992C /* MyGrid.m */ = {isa = PBXFileReference; fileEncoding = 4; lastKnownFileType = sourcecode.c.objc; path = MyGrid.m; sourceTree = "<group>"; };
		D57BC6611C2B74E000AC992C /* SettingsController.h */ = {isa = PBXFileReference; fileEncoding = 4; lastKnownFileType = sourcecode.c.h; path = SettingsController.h; sourceTree = "<group>"; };
		D57BC6621C2B74E000AC992C /* SettingsController.m */ = {isa = PBXFileReference; fileEncoding = 4; lastKnownFileType = sourcecode.c.objc; path = SettingsController.m; sourceTree = "<group>"; };
		D5D067E41C2C057100E2CC70 /* AboutController.h */ = {isa = PBXFileReference; fileEncoding = 4; lastKnownFileType = sourcecode.c.h; path = AboutController.h; sourceTree = "<group>"; };
		D5D067E51C2C057100E2CC70 /* AboutController.m */ = {isa = PBXFileReference; fileEncoding = 4; lastKnownFileType = sourcecode.c.objc; path = AboutController.m; sourceTree = "<group>"; };
/* End PBXFileReference section */

/* Begin PBXFrameworksBuildPhase section */
		D56ABD311C29A5DA0032A1F3 /* Frameworks */ = {
			isa = PBXFrameworksBuildPhase;
			buildActionMask = 2147483647;
			files = (
				D52E53941C2CBD9C00E0A7CD /* SpriteKit.framework in Frameworks */,
			);
			runOnlyForDeploymentPostprocessing = 0;
		};
		D56ABD4A1C29A5DA0032A1F3 /* Frameworks */ = {
			isa = PBXFrameworksBuildPhase;
			buildActionMask = 2147483647;
			files = (
			);
			runOnlyForDeploymentPostprocessing = 0;
		};
/* End PBXFrameworksBuildPhase section */

/* Begin PBXGroup section */
		D56ABD2B1C29A5DA0032A1F3 = {
			isa = PBXGroup;
			children = (
				D52E53931C2CBD9C00E0A7CD /* SpriteKit.framework */,
				D56ABD361C29A5DA0032A1F3 /* 2048 */,
				D56ABD501C29A5DA0032A1F3 /* 2048Tests */,
				D56ABD351C29A5DA0032A1F3 /* Products */,
			);
			sourceTree = "<group>";
		};
		D56ABD351C29A5DA0032A1F3 /* Products */ = {
			isa = PBXGroup;
			children = (
				D56ABD341C29A5DA0032A1F3 /* 2048.app */,
				D56ABD4D1C29A5DA0032A1F3 /* 2048Tests.xctest */,
			);
			name = Products;
			sourceTree = "<group>";
		};
		D56ABD361C29A5DA0032A1F3 /* 2048 */ = {
			isa = PBXGroup;
			children = (
				D56ABD601C29AE000032A1F3 /* Appearance */,
				D56ABD611C29AE000032A1F3 /* Controller */,
				D56ABD621C29AE000032A1F3 /* Global */,
				D56ABD631C29AE000032A1F3 /* SpriteKit */,
				D56ABD641C29AE000032A1F3 /* State */,
				D56ABD651C29AE000032A1F3 /* View */,
				D56ABD661C29AE2C0032A1F3 /* Other */,
				D56ABD411C29A5DA0032A1F3 /* Main.storyboard */,
				D56ABD5D1C29A8050032A1F3 /* Images.xcassets */,
				D56ABD461C29A5DA0032A1F3 /* LaunchScreen.xib */,
				D56ABD371C29A5DA0032A1F3 /* Supporting Files */,
			);
			path = 2048;
			sourceTree = "<group>";
		};
		D56ABD371C29A5DA0032A1F3 /* Supporting Files */ = {
			isa = PBXGroup;
			children = (
				D56ABD5F1C29AC710032A1F3 /* 2048-Prefix.pch */,
				D56ABD381C29A5DA0032A1F3 /* Info.plist */,
				D56ABD391C29A5DA0032A1F3 /* main.m */,
			);
			name = "Supporting Files";
			sourceTree = "<group>";
		};
		D56ABD501C29A5DA0032A1F3 /* 2048Tests */ = {
			isa = PBXGroup;
			children = (
				D56ABD531C29A5DA0032A1F3 /* _048Tests.m */,
				D56ABD511C29A5DA0032A1F3 /* Supporting Files */,
			);
			path = 2048Tests;
			sourceTree = "<group>";
		};
		D56ABD511C29A5DA0032A1F3 /* Supporting Files */ = {
			isa = PBXGroup;
			children = (
				D56ABD521C29A5DA0032A1F3 /* Info.plist */,
			);
			name = "Supporting Files";
			sourceTree = "<group>";
		};
		D56ABD601C29AE000032A1F3 /* Appearance */ = {
			isa = PBXGroup;
			children = (
				D56ABD6E1C29B0630032A1F3 /* Theme.h */,
				D56ABD6F1C29B0630032A1F3 /* Theme.m */,
				D56ABD741C29B7230032A1F3 /* DefaultTheme.h */,
				D56ABD751C29B7230032A1F3 /* DefaultTheme.m */,
				D56ABD781C29B84A0032A1F3 /* LightTheme.h */,
				D56ABD791C29B84A0032A1F3 /* LightTheme.m */,
				D56ABD7B1C29B8AB0032A1F3 /* WarmTheme.h */,
				D56ABD7C1C29B8AB0032A1F3 /* WarmTheme.m */,
			);
			path = Appearance;
			sourceTree = "<group>";
		};
		D56ABD611C29AE000032A1F3 /* Controller */ = {
			isa = PBXGroup;
			children = (
				D56ABD711C29B3740032A1F3 /* ViewController.h */,
				D56ABD721C29B3740032A1F3 /* ViewController.m */,
				D57BC6611C2B74E000AC992C /* SettingsController.h */,
				D57BC6621C2B74E000AC992C /* SettingsController.m */,
				D5D067E41C2C057100E2CC70 /* AboutController.h */,
				D5D067E51C2C057100E2CC70 /* AboutController.m */,
				D52E538A1C2C36B400E0A7CD /* SettingsDetailController.h */,
				D52E538B1C2C36B400E0A7CD /* SettingsDetailController.m */,
			);
			path = Controller;
			sourceTree = "<group>";
		};
		D56ABD621C29AE000032A1F3 /* Global */ = {
			isa = PBXGroup;
			children = (
				D56ABD6A1C29AE6D0032A1F3 /* GlobalState.h */,
				D56ABD6B1C29AE6D0032A1F3 /* GlobalState.m */,
				D56ABD6D1C29AEA50032A1F3 /* Position.h */,
			);
			path = Global;
			sourceTree = "<group>";
		};
		D56ABD631C29AE000032A1F3 /* SpriteKit */ = {
			isa = PBXGroup;
			children = (
				D56ABD841C2A20690032A1F3 /* MyScene.h */,
				D56ABD851C2A20690032A1F3 /* MyScene.m */,
				D57BC6581C2B714B00AC992C /* MyCell.h */,
				D57BC6591C2B714B00AC992C /* MyCell.m */,
				D57BC65B1C2B71AA00AC992C /* MyTile.h */,
				D57BC65C1C2B71AA00AC992C /* MyTile.m */,
				D57BC65E1C2B724400AC992C /* MyGrid.h */,
				D57BC65F1C2B724400AC992C /* MyGrid.m */,
			);
			path = SpriteKit;
			sourceTree = "<group>";
		};
		D56ABD641C29AE000032A1F3 /* State */ = {
			isa = PBXGroup;
			children = (
				D52E53901C2C4FF700E0A7CD /* GameManager.h */,
				D52E53911C2C4FF700E0A7CD /* GameManager.m */,
			);
			path = State;
			sourceTree = "<group>";
		};
		D56ABD651C29AE000032A1F3 /* View */ = {
			isa = PBXGroup;
			children = (
				D56ABD7E1C2A1EF40032A1F3 /* ScoreView.h */,
				D56ABD7F1C2A1EF40032A1F3 /* ScoreView.m */,
				D56ABD811C2A20140032A1F3 /* Overlay.h */,
				D56ABD821C2A20140032A1F3 /* Overlay.m */,
				D52E538D1C2C4CE200E0A7CD /* GridView.h */,
				D52E538E1C2C4CE200E0A7CD /* GridView.m */,
			);
			path = View;
			sourceTree = "<group>";
		};
		D56ABD661C29AE2C0032A1F3 /* Other */ = {
			isa = PBXGroup;
			children = (
				D56ABD671C29AE2C0032A1F3 /* AppDelegate.h */,
				D56ABD681C29AE2C0032A1F3 /* AppDelegate.m */,
				D56ABD771C29B7600032A1F3 /* Common.h */,
			);
			path = Other;
			sourceTree = "<group>";
		};
/* End PBXGroup section */

/* Begin PBXNativeTarget section */
		D56ABD331C29A5DA0032A1F3 /* 2048 */ = {
			isa = PBXNativeTarget;
			buildConfigurationList = D56ABD571C29A5DA0032A1F3 /* Build configuration list for PBXNativeTarget "2048" */;
			buildPhases = (
				D56ABD301C29A5DA0032A1F3 /* Sources */,
				D56ABD311C29A5DA0032A1F3 /* Frameworks */,
				D56ABD321C29A5DA0032A1F3 /* Resources */,
			);
			buildRules = (
			);
			dependencies = (
			);
			name = 2048;
			productName = 2048;
			productReference = D56ABD341C29A5DA0032A1F3 /* 2048.app */;
			productType = "com.apple.product-type.application";
		};
		D56ABD4C1C29A5DA0032A1F3 /* 2048Tests */ = {
			isa = PBXNativeTarget;
			buildConfigurationList = D56ABD5A1C29A5DA0032A1F3 /* Build configuration list for PBXNativeTarget "2048Tests" */;
			buildPhases = (
				D56ABD491C29A5DA0032A1F3 /* Sources */,
				D56ABD4A1C29A5DA0032A1F3 /* Frameworks */,
				D56ABD4B1C29A5DA0032A1F3 /* Resources */,
			);
			buildRules = (
			);
			dependencies = (
				D56ABD4F1C29A5DA0032A1F3 /* PBXTargetDependency */,
			);
			name = 2048Tests;
			productName = 2048Tests;
			productReference = D56ABD4D1C29A5DA0032A1F3 /* 2048Tests.xctest */;
			productType = "com.apple.product-type.bundle.unit-test";
		};
/* End PBXNativeTarget section */

/* Begin PBXProject section */
		D56ABD2C1C29A5DA0032A1F3 /* Project object */ = {
			isa = PBXProject;
			attributes = {
				LastUpgradeCheck = 0640;
				ORGANIZATIONNAME = dengwei;
				TargetAttributes = {
					D56ABD331C29A5DA0032A1F3 = {
						CreatedOnToolsVersion = 6.4;
					};
					D56ABD4C1C29A5DA0032A1F3 = {
						CreatedOnToolsVersion = 6.4;
						TestTargetID = D56ABD331C29A5DA0032A1F3;
					};
				};
			};
			buildConfigurationList = D56ABD2F1C29A5DA0032A1F3 /* Build configuration list for PBXProject "2048" */;
			compatibilityVersion = "Xcode 3.2";
			developmentRegion = English;
			hasScannedForEncodings = 0;
			knownRegions = (
				en,
				Base,
			);
			mainGroup = D56ABD2B1C29A5DA0032A1F3;
			productRefGroup = D56ABD351C29A5DA0032A1F3 /* Products */;
			projectDirPath = "";
			projectRoot = "";
			targets = (
				D56ABD331C29A5DA0032A1F3 /* 2048 */,
				D56ABD4C1C29A5DA0032A1F3 /* 2048Tests */,
			);
		};
/* End PBXProject section */

/* Begin PBXResourcesBuildPhase section */
		D56ABD321C29A5DA0032A1F3 /* Resources */ = {
			isa = PBXResourcesBuildPhase;
			buildActionMask = 2147483647;
			files = (
				D56ABD5E1C29A8050032A1F3 /* Images.xcassets in Resources */,
				D56ABD431C29A5DA0032A1F3 /* Main.storyboard in Resources */,
				D56ABD481C29A5DA0032A1F3 /* LaunchScreen.xib in Resources */,
			);
			runOnlyForDeploymentPostprocessing = 0;
		};
		D56ABD4B1C29A5DA0032A1F3 /* Resources */ = {
			isa = PBXResourcesBuildPhase;
			buildActionMask = 2147483647;
			files = (
			);
			runOnlyForDeploymentPostprocessing = 0;
		};
/* End PBXResourcesBuildPhase section */

/* Begin PBXSourcesBuildPhase section */
		D56ABD301C29A5DA0032A1F3 /* Sources */ = {
			isa = PBXSourcesBuildPhase;
			buildActionMask = 2147483647;
			files = (
				D56ABD7A1C29B84A0032A1F3 /* LightTheme.m in Sources */,
				D56ABD861C2A20690032A1F3 /* MyScene.m in Sources */,
				D56ABD691C29AE2C0032A1F3 /* AppDelegate.m in Sources */,
				D52E538C1C2C36B400E0A7CD /* SettingsDetailController.m in Sources */,
				D52E538F1C2C4CE200E0A7CD /* GridView.m in Sources */,
				D52E53921C2C4FF700E0A7CD /* GameManager.m in Sources */,
				D56ABD6C1C29AE6D0032A1F3 /* GlobalState.m in Sources */,
				D56ABD701C29B0630032A1F3 /* Theme.m in Sources */,
				D57BC65A1C2B714B00AC992C /* MyCell.m in Sources */,
				D56ABD831C2A20140032A1F3 /* Overlay.m in Sources */,
				D57BC6601C2B724400AC992C /* MyGrid.m in Sources */,
				D56ABD801C2A1EF40032A1F3 /* ScoreView.m in Sources */,
				D56ABD7D1C29B8AB0032A1F3 /* WarmTheme.m in Sources */,
				D56ABD3A1C29A5DA0032A1F3 /* main.m in Sources */,
				D5D067E61C2C057100E2CC70 /* AboutController.m in Sources */,
				D56ABD731C29B3740032A1F3 /* ViewController.m in Sources */,
				D57BC6631C2B74E000AC992C /* SettingsController.m in Sources */,
				D57BC65D1C2B71AA00AC992C /* MyTile.m in Sources */,
				D56ABD761C29B7230032A1F3 /* DefaultTheme.m in Sources */,
			);
			runOnlyForDeploymentPostprocessing = 0;
		};
		D56ABD491C29A5DA0032A1F3 /* Sources */ = {
			isa = PBXSourcesBuildPhase;
			buildActionMask = 2147483647;
			files = (
				D56ABD541C29A5DA0032A1F3 /* _048Tests.m in Sources */,
			);
			runOnlyForDeploymentPostprocessing = 0;
		};
/* End PBXSourcesBuildPhase section */

/* Begin PBXTargetDependency section */
		D56ABD4F1C29A5DA0032A1F3 /* PBXTargetDependency */ = {
			isa = PBXTargetDependency;
			target = D56ABD331C29A5DA0032A1F3 /* 2048 */;
			targetProxy = D56ABD4E1C29A5DA0032A1F3 /* PBXContainerItemProxy */;
		};
/* End PBXTargetDependency section */

/* Begin PBXVariantGroup section */
		D56ABD411C29A5DA0032A1F3 /* Main.storyboard */ = {
			isa = PBXVariantGroup;
			children = (
				D56ABD421C29A5DA0032A1F3 /* Base */,
			);
			name = Main.storyboard;
			sourceTree = "<group>";
		};
		D56ABD461C29A5DA0032A1F3 /* LaunchScreen.xib */ = {
			isa = PBXVariantGroup;
			children = (
				D56ABD471C29A5DA0032A1F3 /* Base */,
			);
			name = LaunchScreen.xib;
			sourceTree = "<group>";
		};
/* End PBXVariantGroup section */

/* Begin XCBuildConfiguration section */
		D56ABD551C29A5DA0032A1F3 /* Debug */ = {
			isa = XCBuildConfiguration;
			buildSettings = {
				ALWAYS_SEARCH_USER_PATHS = NO;
				CLANG_CXX_LANGUAGE_STANDARD = "gnu++0x";
				CLANG_CXX_LIBRARY = "libc++";
				CLANG_ENABLE_MODULES = YES;
				CLANG_ENABLE_OBJC_ARC = YES;
				CLANG_WARN_BOOL_CONVERSION = YES;
				CLANG_WARN_CONSTANT_CONVERSION = YES;
				CLANG_WARN_DIRECT_OBJC_ISA_USAGE = YES_ERROR;
				CLANG_WARN_EMPTY_BODY = YES;
				CLANG_WARN_ENUM_CONVERSION = YES;
				CLANG_WARN_INT_CONVERSION = YES;
				CLANG_WARN_OBJC_ROOT_CLASS = YES_ERROR;
				CLANG_WARN_UNREACHABLE_CODE = YES;
				CLANG_WARN__DUPLICATE_METHOD_MATCH = YES;
				"CODE_SIGN_IDENTITY[sdk=iphoneos*]" = "iPhone Developer";
				COPY_PHASE_STRIP = NO;
				DEBUG_INFORMATION_FORMAT = "dwarf-with-dsym";
				ENABLE_STRICT_OBJC_MSGSEND = YES;
				GCC_C_LANGUAGE_STANDARD = gnu99;
				GCC_DYNAMIC_NO_PIC = NO;
				GCC_NO_COMMON_BLOCKS = YES;
				GCC_OPTIMIZATION_LEVEL = 0;
				GCC_PREPROCESSOR_DEFINITIONS = (
					"DEBUG=1",
					"$(inherited)",
				);
				GCC_SYMBOLS_PRIVATE_EXTERN = NO;
				GCC_WARN_64_TO_32_BIT_CONVERSION = YES;
				GCC_WARN_ABOUT_RETURN_TYPE = YES_ERROR;
				GCC_WARN_UNDECLARED_SELECTOR = YES;
				GCC_WARN_UNINITIALIZED_AUTOS = YES_AGGRESSIVE;
				GCC_WARN_UNUSED_FUNCTION = YES;
				GCC_WARN_UNUSED_VARIABLE = YES;
				IPHONEOS_DEPLOYMENT_TARGET = 8.4;
				MTL_ENABLE_DEBUG_INFO = YES;
				ONLY_ACTIVE_ARCH = YES;
				SDKROOT = iphoneos;
				TARGETED_DEVICE_FAMILY = "1,2";
			};
			name = Debug;
		};
		D56ABD561C29A5DA0032A1F3 /* Release */ = {
			isa = XCBuildConfiguration;
			buildSettings = {
				ALWAYS_SEARCH_USER_PATHS = NO;
				CLANG_CXX_LANGUAGE_STANDARD = "gnu++0x";
				CLANG_CXX_LIBRARY = "libc++";
				CLANG_ENABLE_MODULES = YES;
				CLANG_ENABLE_OBJC_ARC = YES;
				CLANG_WARN_BOOL_CONVERSION = YES;
				CLANG_WARN_CONSTANT_CONVERSION = YES;
				CLANG_WARN_DIRECT_OBJC_ISA_USAGE = YES_ERROR;
				CLANG_WARN_EMPTY_BODY = YES;
				CLANG_WARN_ENUM_CONVERSION = YES;
				CLANG_WARN_INT_CONVERSION = YES;
				CLANG_WARN_OBJC_ROOT_CLASS = YES_ERROR;
				CLANG_WARN_UNREACHABLE_CODE = YES;
				CLANG_WARN__DUPLICATE_METHOD_MATCH = YES;
				"CODE_SIGN_IDENTITY[sdk=iphoneos*]" = "iPhone Developer";
				COPY_PHASE_STRIP = NO;
				DEBUG_INFORMATION_FORMAT = "dwarf-with-dsym";
				ENABLE_NS_ASSERTIONS = NO;
				ENABLE_STRICT_OBJC_MSGSEND = YES;
				GCC_C_LANGUAGE_STANDARD = gnu99;
				GCC_NO_COMMON_BLOCKS = YES;
				GCC_WARN_64_TO_32_BIT_CONVERSION = YES;
				GCC_WARN_ABOUT_RETURN_TYPE = YES_ERROR;
				GCC_WARN_UNDECLARED_SELECTOR = YES;
				GCC_WARN_UNINITIALIZED_AUTOS = YES_AGGRESSIVE;
				GCC_WARN_UNUSED_FUNCTION = YES;
				GCC_WARN_UNUSED_VARIABLE = YES;
				IPHONEOS_DEPLOYMENT_TARGET = 8.4;
				MTL_ENABLE_DEBUG_INFO = NO;
				SDKROOT = iphoneos;
				TARGETED_DEVICE_FAMILY = "1,2";
				VALIDATE_PRODUCT = YES;
			};
			name = Release;
		};
		D56ABD581C29A5DA0032A1F3 /* Debug */ = {
			isa = XCBuildConfiguration;
			buildSettings = {
				ASSETCATALOG_COMPILER_APPICON_NAME = AppIcon;
				GCC_PRECOMPILE_PREFIX_HEADER = YES;
				GCC_PREFIX_HEADER = "2048/2048-Prefix.pch";
				INFOPLIST_FILE = 2048/Info.plist;
				LD_RUNPATH_SEARCH_PATHS = "$(inherited) @executable_path/Frameworks";
				PRODUCT_NAME = "$(TARGET_NAME)";
				TARGETED_DEVICE_FAMILY = 1;
			};
			name = Debug;
		};
		D56ABD591C29A5DA0032A1F3 /* Release */ = {
			isa = XCBuildConfiguration;
			buildSettings = {
				ASSETCATALOG_COMPILER_APPICON_NAME = AppIcon;
				GCC_PRECOMPILE_PREFIX_HEADER = YES;
				GCC_PREFIX_HEADER = "2048/2048-Prefix.pch";
				INFOPLIST_FILE = 2048/Info.plist;
				LD_RUNPATH_SEARCH_PATHS = "$(inherited) @executable_path/Frameworks";
				PRODUCT_NAME = "$(TARGET_NAME)";
				TARGETED_DEVICE_FAMILY = 1;
			};
			name = Release;
		};
		D56ABD5B1C29A5DA0032A1F3 /* Debug */ = {
			isa = XCBuildConfiguration;
			buildSettings = {
				BUNDLE_LOADER = "$(TEST_HOST)";
				FRAMEWORK_SEARCH_PATHS = (
					"$(SDKROOT)/Developer/Library/Frameworks",
					"$(inherited)",
				);
				GCC_PREPROCESSOR_DEFINITIONS = (
					"DEBUG=1",
					"$(inherited)",
				);
				INFOPLIST_FILE = 2048Tests/Info.plist;
				LD_RUNPATH_SEARCH_PATHS = "$(inherited) @executable_path/Frameworks @loader_path/Frameworks";
				PRODUCT_NAME = "$(TARGET_NAME)";
				TEST_HOST = "$(BUILT_PRODUCTS_DIR)/2048.app/2048";
			};
			name = Debug;
		};
		D56ABD5C1C29A5DA0032A1F3 /* Release */ = {
			isa = XCBuildConfiguration;
			buildSettings = {
				BUNDLE_LOADER = "$(TEST_HOST)";
				FRAMEWORK_SEARCH_PATHS = (
					"$(SDKROOT)/Developer/Library/Frameworks",
					"$(inherited)",
				);
				INFOPLIST_FILE = 2048Tests/Info.plist;
				LD_RUNPATH_SEARCH_PATHS = "$(inherited) @executable_path/Frameworks @loader_path/Frameworks";
				PRODUCT_NAME = "$(TARGET_NAME)";
				TEST_HOST = "$(BUILT_PRODUCTS_DIR)/2048.app/2048";
			};
			name = Release;
		};
/* End XCBuildConfiguration section */

/* Begin XCConfigurationList section */
		D56ABD2F1C29A5DA0032A1F3 /* Build configuration list for PBXProject "2048" */ = {
			isa = XCConfigurationList;
			buildConfigurations = (
				D56ABD551C29A5DA0032A1F3 /* Debug */,
				D56ABD561C29A5DA0032A1F3 /* Release */,
			);
			defaultConfigurationIsVisible = 0;
			defaultConfigurationName = Release;
		};
		D56ABD571C29A5DA0032A1F3 /* Build configuration list for PBXNativeTarget "2048" */ = {
			isa = XCConfigurationList;
			buildConfigurations = (
				D56ABD581C29A5DA0032A1F3 /* Debug */,
				D56ABD591C29A5DA0032A1F3 /* Release */,
			);
			defaultConfigurationIsVisible = 0;
			defaultConfigurationName = Release;
		};
		D56ABD5A1C29A5DA0032A1F3 /* Build configuration list for PBXNativeTarget "2048Tests" */ = {
			isa = XCConfigurationList;
			buildConfigurations = (
				D56ABD5B1C29A5DA0032A1F3 /* Debug */,
				D56ABD5C1C29A5DA0032A1F3 /* Release */,
			);
			defaultConfigurationIsVisible = 0;
			defaultConfigurationName = Release;
		};
/* End XCConfigurationList section */
	};
	rootObject = D56ABD2C1C29A5DA0032A1F3 /* Project object */;
}
